// !$*UTF8*$!
{
	archiveVersion = 1;
	classes = {
	};
	objectVersion = 56;
	objects = {

/* Begin PBXBuildFile section */
		368A3D6E2A18E47E0055EC30 /* LimeApp.swift in Sources */ = {isa = PBXBuildFile; fileRef = 368A3D6D2A18E47E0055EC30 /* LimeApp.swift */; };
		368A3D702A18E47E0055EC30 /* ContentView.swift in Sources */ = {isa = PBXBuildFile; fileRef = 368A3D6F2A18E47E0055EC30 /* ContentView.swift */; };
		368A3D722A18E4800055EC30 /* Assets.xcassets in Resources */ = {isa = PBXBuildFile; fileRef = 368A3D712A18E4800055EC30 /* Assets.xcassets */; };
		368A3D752A18E4800055EC30 /* Preview Assets.xcassets in Resources */ = {isa = PBXBuildFile; fileRef = 368A3D742A18E4800055EC30 /* Preview Assets.xcassets */; };
		368A3D7C2A18E4F50055EC30 /* Lime2.swift in Sources */ = {isa = PBXBuildFile; fileRef = 368A3D7B2A18E4F50055EC30 /* Lime2.swift */; };
		368A3D7E2A18E5050055EC30 /* Lime3.swift in Sources */ = {isa = PBXBuildFile; fileRef = 368A3D7D2A18E5050055EC30 /* Lime3.swift */; };
		368A3D802A18E5130055EC30 /* Lme4.swift in Sources */ = {isa = PBXBuildFile; fileRef = 368A3D7F2A18E5130055EC30 /* Lme4.swift */; };
		368A3D822A195AF50055EC30 /* Lime5.swift in Sources */ = {isa = PBXBuildFile; fileRef = 368A3D812A195AF50055EC30 /* Lime5.swift */; };
		368A3D842A195B230055EC30 /* Lime6.swift in Sources */ = {isa = PBXBuildFile; fileRef = 368A3D832A195B230055EC30 /* Lime6.swift */; };
/* End PBXBuildFile section */

/* Begin PBXFileReference section */
		368A3D6A2A18E47E0055EC30 /* Lime.app */ = {isa = PBXFileReference; explicitFileType = wrapper.application; includeInIndex = 0; path = Lime.app; sourceTree = BUILT_PRODUCTS_DIR; };
		368A3D6D2A18E47E0055EC30 /* LimeApp.swift */ = {isa = PBXFileReference; lastKnownFileType = sourcecode.swift; path = LimeApp.swift; sourceTree = "<group>"; };
		368A3D6F2A18E47E0055EC30 /* ContentView.swift */ = {isa = PBXFileReference; lastKnownFileType = sourcecode.swift; path = ContentView.swift; sourceTree = "<group>"; };
		368A3D712A18E4800055EC30 /* Assets.xcassets */ = {isa = PBXFileReference; lastKnownFileType = folder.assetcatalog; path = Assets.xcassets; sourceTree = "<group>"; };
		368A3D742A18E4800055EC30 /* Preview Assets.xcassets */ = {isa = PBXFileReference; lastKnownFileType = folder.assetcatalog; path = "Preview Assets.xcassets"; sourceTree = "<group>"; };
		368A3D7B2A18E4F50055EC30 /* Lime2.swift */ = {isa = PBXFileReference; lastKnownFileType = sourcecode.swift; path = Lime2.swift; sourceTree = "<group>"; };
		368A3D7D2A18E5050055EC30 /* Lime3.swift */ = {isa = PBXFileReference; lastKnownFileType = sourcecode.swift; path = Lime3.swift; sourceTree = "<group>"; };
		368A3D7F2A18E5130055EC30 /* Lme4.swift */ = {isa = PBXFileReference; lastKnownFileType = sourcecode.swift; path = Lme4.swift; sourceTree = "<group>"; };
		368A3D812A195AF50055EC30 /* Lime5.swift */ = {isa = PBXFileReference; lastKnownFileType = sourcecode.swift; path = Lime5.swift; sourceTree = "<group>"; };
		368A3D832A195B230055EC30 /* Lime6.swift */ = {isa = PBXFileReference; lastKnownFileType = sourcecode.swift; path = Lime6.swift; sourceTree = "<group>"; };
/* End PBXFileReference section */

/* Begin PBXFrameworksBuildPhase section */
		368A3D672A18E47E0055EC30 /* Frameworks */ = {
			isa = PBXFrameworksBuildPhase;
			buildActionMask = 2147483647;
			files = (
			);
			runOnlyForDeploymentPostprocessing = 0;
		};
/* End PBXFrameworksBuildPhase section */

/* Begin PBXGroup section */
		368A3D612A18E47E0055EC30 = {
			isa = PBXGroup;
			children = (
				368A3D6C2A18E47E0055EC30 /* Lime */,
				368A3D6B2A18E47E0055EC30 /* Products */,
			);
			sourceTree = "<group>";
		};
		368A3D6B2A18E47E0055EC30 /* Products */ = {
			isa = PBXGroup;
			children = (
				368A3D6A2A18E47E0055EC30 /* Lime.app */,
			);
			name = Products;
			sourceTree = "<group>";
		};
		368A3D6C2A18E47E0055EC30 /* Lime */ = {
			isa = PBXGroup;
			children = (
				368A3D6D2A18E47E0055EC30 /* LimeApp.swift */,
				368A3D6F2A18E47E0055EC30 /* ContentView.swift */,
				368A3D712A18E4800055EC30 /* Assets.xcassets */,
				368A3D732A18E4800055EC30 /* Preview Content */,
				368A3D7B2A18E4F50055EC30 /* Lime2.swift */,
				368A3D7D2A18E5050055EC30 /* Lime3.swift */,
				368A3D7F2A18E5130055EC30 /* Lme4.swift */,
				368A3D812A195AF50055EC30 /* Lime5.swift */,
				368A3D832A195B230055EC30 /* Lime6.swift */,
			);
			path = Lime;
			sourceTree = "<group>";
		};
		368A3D732A18E4800055EC30 /* Preview Content */ = {
			isa = PBXGroup;
			children = (
				368A3D742A18E4800055EC30 /* Preview Assets.xcassets */,
			);
			path = "Preview Content";
			sourceTree = "<group>";
		};
/* End PBXGroup section */

/* Begin PBXNativeTarget section */
		368A3D692A18E47E0055EC30 /* Lime */ = {
			isa = PBXNativeTarget;
			buildConfigurationList = 368A3D782A18E4800055EC30 /* Build configuration list for PBXNativeTarget "Lime" */;
			buildPhases = (
				368A3D662A18E47E0055EC30 /* Sources */,
				368A3D672A18E47E0055EC30 /* Frameworks */,
				368A3D682A18E47E0055EC30 /* Resources */,
			);
			buildRules = (
			);
			dependencies = (
			);
			name = Lime;
			productName = Lime;
			productReference = 368A3D6A2A18E47E0055EC30 /* Lime.app */;
			productType = "com.apple.product-type.application";
		};
/* End PBXNativeTarget section */

/* Begin PBXProject section */
		368A3D622A18E47E0055EC30 /* Project object */ = {
			isa = PBXProject;
			attributes = {
				BuildIndependentTargetsInParallel = 1;
				LastSwiftUpdateCheck = 1430;
				LastUpgradeCheck = 1430;
				TargetAttributes = {
					368A3D692A18E47E0055EC30 = {
						CreatedOnToolsVersion = 14.3;
					};
				};
			};
			buildConfigurationList = 368A3D652A18E47E0055EC30 /* Build configuration list for PBXProject "Lime" */;
			compatibilityVersion = "Xcode 14.0";
			developmentRegion = en;
			hasScannedForEncodings = 0;
			knownRegions = (
				en,
				Base,
			);
			mainGroup = 368A3D612A18E47E0055EC30;
			productRefGroup = 368A3D6B2A18E47E0055EC30 /* Products */;
			projectDirPath = "";
			projectRoot = "";
			targets = (
				368A3D692A18E47E0055EC30 /* Lime */,
			);
		};
/* End PBXProject section */

/* Begin PBXResourcesBuildPhase section */
		368A3D682A18E47E0055EC30 /* Resources */ = {
			isa = PBXResourcesBuildPhase;
			buildActionMask = 2147483647;
			files = (
				368A3D752A18E4800055EC30 /* Preview Assets.xcassets in Resources */,
				368A3D722A18E4800055EC30 /* Assets.xcassets in Resources */,
			);
			runOnlyForDeploymentPostprocessing = 0;
		};
/* End PBXResourcesBuildPhase section */

/* Begin PBXSourcesBuildPhase section */
		368A3D662A18E47E0055EC30 /* Sources */ = {
			isa = PBXSourcesBuildPhase;
			buildActionMask = 2147483647;
			files = (
				368A3D7E2A18E5050055EC30 /* Lime3.swift in Sources */,
				368A3D702A18E47E0055EC30 /* ContentView.swift in Sources */,
				368A3D7C2A18E4F50055EC30 /* Lime2.swift in Sources */,
				368A3D6E2A18E47E0055EC30 /* LimeApp.swift in Sources */,
				368A3D842A195B230055EC30 /* Lime6.swift in Sources */,
				368A3D822A195AF50055EC30 /* Lime5.swift in Sources */,
				368A3D802A18E5130055EC30 /* Lme4.swift in Sources */,
			);
			runOnlyForDeploymentPostprocessing = 0;
		};
/* End PBXSourcesBuildPhase section */

/* Begin XCBuildConfiguration section */
		368A3D762A18E4800055EC30 /* Debug */ = {
			isa = XCBuildConfiguration;
			buildSettings = {
				ALWAYS_SEARCH_USER_PATHS = NO;
				CLANG_ANALYZER_NONNULL = YES;
				CLANG_ANALYZER_NUMBER_OBJECT_CONVERSION = YES_AGGRESSIVE;
				CLANG_CXX_LANGUAGE_STANDARD = "gnu++20";
				CLANG_ENABLE_MODULES = YES;
				CLANG_ENABLE_OBJC_ARC = YES;
				CLANG_ENABLE_OBJC_WEAK = YES;
				CLANG_WARN_BLOCK_CAPTURE_AUTORELEASING = YES;
				CLANG_WARN_BOOL_CONVERSION = YES;
				CLANG_WARN_COMMA = YES;
				CLANG_WARN_CONSTANT_CONVERSION = YES;
				CLANG_WARN_DEPRECATED_OBJC_IMPLEMENTATIONS = YES;
				CLANG_WARN_DIRECT_OBJC_ISA_USAGE = YES_ERROR;
				CLANG_WARN_DOCUMENTATION_COMMENTS = YES;
				CLANG_WARN_EMPTY_BODY = YES;
				CLANG_WARN_ENUM_CONVERSION = YES;
				CLANG_WARN_INFINITE_RECURSION = YES;
				CLANG_WARN_INT_CONVERSION = YES;
				CLANG_WARN_NON_LITERAL_NULL_CONVERSION = YES;
				CLANG_WARN_OBJC_IMPLICIT_RETAIN_SELF = YES;
				CLANG_WARN_OBJC_LITERAL_CONVERSION = YES;
				CLANG_WARN_OBJC_ROOT_CLASS = YES_ERROR;
				CLANG_WARN_QUOTED_INCLUDE_IN_FRAMEWORK_HEADER = YES;
				CLANG_WARN_RANGE_LOOP_ANALYSIS = YES;
				CLANG_WARN_STRICT_PROTOTYPES = YES;
				CLANG_WARN_SUSPICIOUS_MOVE = YES;
				CLANG_WARN_UNGUARDED_AVAILABILITY = YES_AGGRESSIVE;
				CLANG_WARN_UNREACHABLE_CODE = YES;
				CLANG_WARN__DUPLICATE_METHOD_MATCH = YES;
				COPY_PHASE_STRIP = NO;
				DEBUG_INFORMATION_FORMAT = dwarf;
				ENABLE_STRICT_OBJC_MSGSEND = YES;
				ENABLE_TESTABILITY = YES;
				GCC_C_LANGUAGE_STANDARD = gnu11;
				GCC_DYNAMIC_NO_PIC = NO;
				GCC_NO_COMMON_BLOCKS = YES;
				GCC_OPTIMIZATION_LEVEL = 0;
				GCC_PREPROCESSOR_DEFINITIONS = (
					"DEBUG=1",
					"$(inherited)",
				);
				GCC_WARN_64_TO_32_BIT_CONVERSION = YES;
				GCC_WARN_ABOUT_RETURN_TYPE = YES_ERROR;
				GCC_WARN_UNDECLARED_SELECTOR = YES;
				GCC_WARN_UNINITIALIZED_AUTOS = YES_AGGRESSIVE;
				GCC_WARN_UNUSED_FUNCTION = YES;
				GCC_WARN_UNUSED_VARIABLE = YES;
				IPHONEOS_DEPLOYMENT_TARGET = 16.4;
				MTL_ENABLE_DEBUG_INFO = INCLUDE_SOURCE;
				MTL_FAST_MATH = YES;
				ONLY_ACTIVE_ARCH = YES;
				SDKROOT = iphoneos;
				SWIFT_ACTIVE_COMPILATION_CONDITIONS = DEBUG;
				SWIFT_OPTIMIZATION_LEVEL = "-Onone";
			};
			name = Debug;
		};
		368A3D772A18E4800055EC30 /* Release */ = {
			isa = XCBuildConfiguration;
			buildSettings = {
				ALWAYS_SEARCH_USER_PATHS = NO;
				CLANG_ANALYZER_NONNULL = YES;
				CLANG_ANALYZER_NUMBER_OBJECT_CONVERSION = YES_AGGRESSIVE;
				CLANG_CXX_LANGUAGE_STANDARD = "gnu++20";
				CLANG_ENABLE_MODULES = YES;
				CLANG_ENABLE_OBJC_ARC = YES;
				CLANG_ENABLE_OBJC_WEAK = YES;
				CLANG_WARN_BLOCK_CAPTURE_AUTORELEASING = YES;
				CLANG_WARN_BOOL_CONVERSION = YES;
				CLANG_WARN_COMMA = YES;
				CLANG_WARN_CONSTANT_CONVERSION = YES;
				CLANG_WARN_DEPRECATED_OBJC_IMPLEMENTATIONS = YES;
				CLANG_WARN_DIRECT_OBJC_ISA_USAGE = YES_ERROR;
				CLANG_WARN_DOCUMENTATION_COMMENTS = YES;
				CLANG_WARN_EMPTY_BODY = YES;
				CLANG_WARN_ENUM_CONVERSION = YES;
				CLANG_WARN_INFINITE_RECURSION = YES;
				CLANG_WARN_INT_CONVERSION = YES;
				CLANG_WARN_NON_LITERAL_NULL_CONVERSION = YES;
				CLANG_WARN_OBJC_IMPLICIT_RETAIN_SELF = YES;
				CLANG_WARN_OBJC_LITERAL_CONVERSION = YES;
				CLANG_WARN_OBJC_ROOT_CLASS = YES_ERROR;
				CLANG_WARN_QUOTED_INCLUDE_IN_FRAMEWORK_HEADER = YES;
				CLANG_WARN_RANGE_LOOP_ANALYSIS = YES;
				CLANG_WARN_STRICT_PROTOTYPES = YES;
				CLANG_WARN_SUSPICIOUS_MOVE = YES;
				CLANG_WARN_UNGUARDED_AVAILABILITY = YES_AGGRESSIVE;
				CLANG_WARN_UNREACHABLE_CODE = YES;
				CLANG_WARN__DUPLICATE_METHOD_MATCH = YES;
				COPY_PHASE_STRIP = NO;
				DEBUG_INFORMATION_FORMAT = "dwarf-with-dsym";
				ENABLE_NS_ASSERTIONS = NO;
				ENABLE_STRICT_OBJC_MSGSEND = YES;
				GCC_C_LANGUAGE_STANDARD = gnu11;
				GCC_NO_COMMON_BLOCKS = YES;
				GCC_WARN_64_TO_32_BIT_CONVERSION = YES;
				GCC_WARN_ABOUT_RETURN_TYPE = YES_ERROR;
				GCC_WARN_UNDECLARED_SELECTOR = YES;
				GCC_WARN_UNINITIALIZED_AUTOS = YES_AGGRESSIVE;
				GCC_WARN_UNUSED_FUNCTION = YES;
				GCC_WARN_UNUSED_VARIABLE = YES;
				IPHONEOS_DEPLOYMENT_TARGET = 16.4;
				MTL_ENABLE_DEBUG_INFO = NO;
				MTL_FAST_MATH = YES;
				SDKROOT = iphoneos;
				SWIFT_COMPILATION_MODE = wholemodule;
				SWIFT_OPTIMIZATION_LEVEL = "-O";
				VALIDATE_PRODUCT = YES;
			};
			name = Release;
		};
		368A3D792A18E4800055EC30 /* Debug */ = {
			isa = XCBuildConfiguration;
			buildSettings = {
				ASSETCATALOG_COMPILER_APPICON_NAME = AppIcon;
				ASSETCATALOG_COMPILER_GLOBAL_ACCENT_COLOR_NAME = AccentColor;
				CODE_SIGN_STYLE = Automatic;
				CURRENT_PROJECT_VERSION = 1;
				DEVELOPMENT_ASSET_PATHS = "\"Lime/Preview Content\"";
				ENABLE_PREVIEWS = YES;
				GENERATE_INFOPLIST_FILE = YES;
				INFOPLIST_KEY_UIApplicationSceneManifest_Generation = YES;
				INFOPLIST_KEY_UIApplicationSupportsIndirectInputEvents = YES;
				INFOPLIST_KEY_UILaunchScreen_Generation = YES;
				INFOPLIST_KEY_UISupportedInterfaceOrientations_iPad = "UIInterfaceOrientationPortrait UIInterfaceOrientationPortraitUpsideDown UIInterfaceOrientationLandscapeLeft UIInterfaceOrientationLandscapeRight";
				INFOPLIST_KEY_UISupportedInterfaceOrientations_iPhone = "UIInterfaceOrientationPortrait UIInterfaceOrientationLandscapeLeft UIInterfaceOrientationLandscapeRight";
				LD_RUNPATH_SEARCH_PATHS = (
					"$(inherited)",
					"@executable_path/Frameworks",
				);
				MARKETING_VERSION = 1.0;
				PRODUCT_BUNDLE_IDENTIFIER = com.example.Lime;
				PRODUCT_NAME = "$(TARGET_NAME)";
				SWIFT_EMIT_LOC_STRINGS = YES;
				SWIFT_VERSION = 5.0;
				TARGETED_DEVICE_FAMILY = "1,2";
			};
			name = Debug;
		};
		368A3D7A2A18E4800055EC30 /* Release */ = {
			isa = XCBuildConfiguration;
			buildSettings = {
				ASSETCATALOG_COMPILER_APPICON_NAME = AppIcon;
				ASSETCATALOG_COMPILER_GLOBAL_ACCENT_COLOR_NAME = AccentColor;
				CODE_SIGN_STYLE = Automatic;
				CURRENT_PROJECT_VERSION = 1;
				DEVELOPMENT_ASSET_PATHS = "\"Lime/Preview Content\"";
				ENABLE_PREVIEWS = YES;
				GENERATE_INFOPLIST_FILE = YES;
				INFOPLIST_KEY_UIApplicationSceneManifest_Generation = YES;
				INFOPLIST_KEY_UIApplicationSupportsIndirectInputEvents = YES;
				INFOPLIST_KEY_UILaunchScreen_Generation = YES;
				INFOPLIST_KEY_UISupportedInterfaceOrientations_iPad = "UIInterfaceOrientationPortrait UIInterfaceOrientationPortraitUpsideDown UIInterfaceOrientationLandscapeLeft UIInterfaceOrientationLandscapeRight";
				INFOPLIST_KEY_UISupportedInterfaceOrientations_iPhone = "UIInterfaceOrientationPortrait UIInterfaceOrientationLandscapeLeft UIInterfaceOrientationLandscapeRight";
				LD_RUNPATH_SEARCH_PATHS = (
					"$(inherited)",
					"@executable_path/Frameworks",
				);
				MARKETING_VERSION = 1.0;
				PRODUCT_BUNDLE_IDENTIFIER = com.example.Lime;
				PRODUCT_NAME = "$(TARGET_NAME)";
				SWIFT_EMIT_LOC_STRINGS = YES;
				SWIFT_VERSION = 5.0;
				TARGETED_DEVICE_FAMILY = "1,2";
			};
			name = Release;
		};
/* End XCBuildConfiguration section */

/* Begin XCConfigurationList section */
		368A3D652A18E47E0055EC30 /* Build configuration list for PBXProject "Lime" */ = {
			isa = XCConfigurationList;
			buildConfigurations = (
				368A3D762A18E4800055EC30 /* Debug */,
				368A3D772A18E4800055EC30 /* Release */,
			);
			defaultConfigurationIsVisible = 0;
			defaultConfigurationName = Release;
		};
		368A3D782A18E4800055EC30 /* Build configuration list for PBXNativeTarget "Lime" */ = {
			isa = XCConfigurationList;
			buildConfigurations = (
				368A3D792A18E4800055EC30 /* Debug */,
				368A3D7A2A18E4800055EC30 /* Release */,
			);
			defaultConfigurationIsVisible = 0;
			defaultConfigurationName = Release;
		};
/* End XCConfigurationList section */
	};
	rootObject = 368A3D622A18E47E0055EC30 /* Project object */;
}
